{
  "name": "GLSLTest",
  "lockfileVersion": 3,
  "requires": true,
  "packages": {
    "": {
      "dependencies": {
        "dnti_shaderdsl": "file:../dist"
      }
    },
    "../dist": {
      "version": "0.1.0",
      "dependencies": {
        "esbuild": "0.28.2"
      },
      "bin": {
        "dnti_shaderdsl": "cli.cjs"
      },
      "engines": {
        "node": ">=20"
      }
    },
    "node_modules/dnti_shaderdsl": {
      "resolved": "../dist",
      "link": true
    }
  }
}
